
Microsoft Visual Studio Solution File, Format Version 12.00
# Visual Studio Version 17
VisualStudioVersion = 17.9.34723.18
MinimumVisualStudioVersion = 10.0.40219.1
Project("{9A19103F-16F7-4668-BE54-9A1E7A4F7556}") = "WebApi", "WebApi\WebApi.csproj", "{2A78E439-0C9B-4DB0-9F24-3BC0EE5179B2}"
EndProject
Project("{2150E333-8FDC-42A3-9474-1A3956D46DE8}") = "build", "build", "{D4D36A74-0DB5-4515-90F7-8C4292B7BE02}"
	ProjectSection(SolutionItems) = preProject
		docker-compose.yaml = docker-compose.yaml
	EndProjectSection
EndProject
Project("{2150E333-8FDC-42A3-9474-1A3956D46DE8}") = "tests", "tests", "{43C25973-985D-439E-893B-33E62FF64758}"
EndProject
Project("{9A19103F-16F7-4668-BE54-9A1E7A4F7556}") = "WebApiTest", "WebApiTest\WebApiTest.csproj", "{919F13E7-FF0A-4358-9C6C-6B89D791855F}"
EndProject
Project("{9A19103F-16F7-4668-BE54-9A1E7A4F7556}") = "IntegrationTest", "IntegrationTest\IntegrationTest.csproj", "{4E316D8C-9D3F-4035-BF21-5C37F3B12794}"
EndProject
Project("{2150E333-8FDC-42A3-9474-1A3956D46DE8}") = "Messaging", "Messaging", "{22097052-31AA-465B-A54B-6C54DB202458}"
EndProject
Project("{9A19103F-16F7-4668-BE54-9A1E7A4F7556}") = "Messaging", "Messaging\Messaging.csproj", "{4A1AA97B-92F4-4828-B3BA-C9658542A118}"
EndProject
Project("{2150E333-8FDC-42A3-9474-1A3956D46DE8}") = "Core", "Core", "{F5C53F98-A0DE-4B4F-95AB-1B2D1E4DD6F2}"
EndProject
Project("{9A19103F-16F7-4668-BE54-9A1E7A4F7556}") = "Core", "Core\Core.csproj", "{10B68E74-B1F2-485B-B18C-BFA1176DD13C}"
EndProject
Project("{2150E333-8FDC-42A3-9474-1A3956D46DE8}") = "UserService", "UserService", "{F17A5F95-6195-4346-809F-5F40C0499251}"
EndProject
Project("{9A19103F-16F7-4668-BE54-9A1E7A4F7556}") = "CreateUser", "UserService\CreateUser\CreateUser.csproj", "{13760B35-63E8-4337-B5FA-59B8AB2A77F5}"
EndProject
Project("{9A19103F-16F7-4668-BE54-9A1E7A4F7556}") = "UserServiceAPI", "UserServiceAPI\UserServiceAPI.csproj", "{C0F13C9A-550A-4603-AEBD-42BDBD206881}"
EndProject
Project("{9A19103F-16F7-4668-BE54-9A1E7A4F7556}") = "DeleteUser", "DeleteUser\DeleteUser.csproj", "{6E7B5E15-2367-4C68-B51D-233B48B798F2}"
EndProject
Project("{9A19103F-16F7-4668-BE54-9A1E7A4F7556}") = "UpdateUser", "UpdateUser\UpdateUser.csproj", "{032132ED-B3C1-47AB-840E-2DE46E4994D7}"
EndProject
Project("{2150E333-8FDC-42A3-9474-1A3956D46DE8}") = "ContactsService", "ContactsService", "{680F0DF1-FD41-440A-BC70-F175F9CAA115}"
EndProject
Project("{9A19103F-16F7-4668-BE54-9A1E7A4F7556}") = "ContactServiceAPi", "ContactServiceAPi\ContactServiceAPi.csproj", "{365641E8-A4AC-49A6-82A5-5F1D0DD069C6}"
EndProject
Project("{FAE04EC0-301F-11D3-BF4B-00C04F79EFBC}") = "CreateContact", "CreateContact\CreateContact.csproj", "{16D5400C-18B4-41A4-B3F4-534A7824932C}"
EndProject
Project("{FAE04EC0-301F-11D3-BF4B-00C04F79EFBC}") = "ContactCore", "ContactCore\ContactCore.csproj", "{C117CDEC-838F-47F7-88AC-9AD7D3E92FB9}"
EndProject
Project("{FAE04EC0-301F-11D3-BF4B-00C04F79EFBC}") = "UpdateContact", "UpdateContact\UpdateContact.csproj", "{E9DFA662-16BE-4FC7-BD43-C51D025990AA}"
EndProject
Project("{FAE04EC0-301F-11D3-BF4B-00C04F79EFBC}") = "DeleteContact", "DeleteContact\DeleteContact.csproj", "{4303F561-066C-4179-B3FE-984E4F3CFB60}"
EndProject
Global
	GlobalSection(SolutionConfigurationPlatforms) = preSolution
		Debug|Any CPU = Debug|Any CPU
		Release|Any CPU = Release|Any CPU
	EndGlobalSection
	GlobalSection(ProjectConfigurationPlatforms) = postSolution
		{2A78E439-0C9B-4DB0-9F24-3BC0EE5179B2}.Debug|Any CPU.ActiveCfg = Debug|Any CPU
		{2A78E439-0C9B-4DB0-9F24-3BC0EE5179B2}.Debug|Any CPU.Build.0 = Debug|Any CPU
		{2A78E439-0C9B-4DB0-9F24-3BC0EE5179B2}.Release|Any CPU.ActiveCfg = Release|Any CPU
		{2A78E439-0C9B-4DB0-9F24-3BC0EE5179B2}.Release|Any CPU.Build.0 = Release|Any CPU
		{919F13E7-FF0A-4358-9C6C-6B89D791855F}.Debug|Any CPU.ActiveCfg = Debug|Any CPU
		{919F13E7-FF0A-4358-9C6C-6B89D791855F}.Debug|Any CPU.Build.0 = Debug|Any CPU
		{919F13E7-FF0A-4358-9C6C-6B89D791855F}.Release|Any CPU.ActiveCfg = Release|Any CPU
		{919F13E7-FF0A-4358-9C6C-6B89D791855F}.Release|Any CPU.Build.0 = Release|Any CPU
		{4E316D8C-9D3F-4035-BF21-5C37F3B12794}.Debug|Any CPU.ActiveCfg = Debug|Any CPU
		{4E316D8C-9D3F-4035-BF21-5C37F3B12794}.Debug|Any CPU.Build.0 = Debug|Any CPU
		{4E316D8C-9D3F-4035-BF21-5C37F3B12794}.Release|Any CPU.ActiveCfg = Release|Any CPU
		{4E316D8C-9D3F-4035-BF21-5C37F3B12794}.Release|Any CPU.Build.0 = Release|Any CPU
		{4A1AA97B-92F4-4828-B3BA-C9658542A118}.Debug|Any CPU.ActiveCfg = Debug|Any CPU
		{4A1AA97B-92F4-4828-B3BA-C9658542A118}.Debug|Any CPU.Build.0 = Debug|Any CPU
		{4A1AA97B-92F4-4828-B3BA-C9658542A118}.Release|Any CPU.ActiveCfg = Release|Any CPU
		{4A1AA97B-92F4-4828-B3BA-C9658542A118}.Release|Any CPU.Build.0 = Release|Any CPU
		{10B68E74-B1F2-485B-B18C-BFA1176DD13C}.Debug|Any CPU.ActiveCfg = Debug|Any CPU
		{10B68E74-B1F2-485B-B18C-BFA1176DD13C}.Debug|Any CPU.Build.0 = Debug|Any CPU
		{10B68E74-B1F2-485B-B18C-BFA1176DD13C}.Release|Any CPU.ActiveCfg = Release|Any CPU
		{10B68E74-B1F2-485B-B18C-BFA1176DD13C}.Release|Any CPU.Build.0 = Release|Any CPU
		{13760B35-63E8-4337-B5FA-59B8AB2A77F5}.Debug|Any CPU.ActiveCfg = Debug|Any CPU
		{13760B35-63E8-4337-B5FA-59B8AB2A77F5}.Debug|Any CPU.Build.0 = Debug|Any CPU
		{13760B35-63E8-4337-B5FA-59B8AB2A77F5}.Release|Any CPU.ActiveCfg = Release|Any CPU
		{13760B35-63E8-4337-B5FA-59B8AB2A77F5}.Release|Any CPU.Build.0 = Release|Any CPU
		{C0F13C9A-550A-4603-AEBD-42BDBD206881}.Debug|Any CPU.ActiveCfg = Debug|Any CPU
		{C0F13C9A-550A-4603-AEBD-42BDBD206881}.Debug|Any CPU.Build.0 = Debug|Any CPU
		{C0F13C9A-550A-4603-AEBD-42BDBD206881}.Release|Any CPU.ActiveCfg = Release|Any CPU
		{C0F13C9A-550A-4603-AEBD-42BDBD206881}.Release|Any CPU.Build.0 = Release|Any CPU
		{6E7B5E15-2367-4C68-B51D-233B48B798F2}.Debug|Any CPU.ActiveCfg = Debug|Any CPU
		{6E7B5E15-2367-4C68-B51D-233B48B798F2}.Debug|Any CPU.Build.0 = Debug|Any CPU
		{6E7B5E15-2367-4C68-B51D-233B48B798F2}.Release|Any CPU.ActiveCfg = Release|Any CPU
		{6E7B5E15-2367-4C68-B51D-233B48B798F2}.Release|Any CPU.Build.0 = Release|Any CPU
		{032132ED-B3C1-47AB-840E-2DE46E4994D7}.Debug|Any CPU.ActiveCfg = Debug|Any CPU
		{032132ED-B3C1-47AB-840E-2DE46E4994D7}.Debug|Any CPU.Build.0 = Debug|Any CPU
		{032132ED-B3C1-47AB-840E-2DE46E4994D7}.Release|Any CPU.ActiveCfg = Release|Any CPU
		{032132ED-B3C1-47AB-840E-2DE46E4994D7}.Release|Any CPU.Build.0 = Release|Any CPU
		{365641E8-A4AC-49A6-82A5-5F1D0DD069C6}.Debug|Any CPU.ActiveCfg = Debug|Any CPU
		{365641E8-A4AC-49A6-82A5-5F1D0DD069C6}.Debug|Any CPU.Build.0 = Debug|Any CPU
		{365641E8-A4AC-49A6-82A5-5F1D0DD069C6}.Release|Any CPU.ActiveCfg = Release|Any CPU
		{365641E8-A4AC-49A6-82A5-5F1D0DD069C6}.Release|Any CPU.Build.0 = Release|Any CPU
		{16D5400C-18B4-41A4-B3F4-534A7824932C}.Debug|Any CPU.ActiveCfg = Debug|Any CPU
		{16D5400C-18B4-41A4-B3F4-534A7824932C}.Debug|Any CPU.Build.0 = Debug|Any CPU
		{16D5400C-18B4-41A4-B3F4-534A7824932C}.Release|Any CPU.ActiveCfg = Release|Any CPU
		{16D5400C-18B4-41A4-B3F4-534A7824932C}.Release|Any CPU.Build.0 = Release|Any CPU
		{C117CDEC-838F-47F7-88AC-9AD7D3E92FB9}.Debug|Any CPU.ActiveCfg = Debug|Any CPU
		{C117CDEC-838F-47F7-88AC-9AD7D3E92FB9}.Debug|Any CPU.Build.0 = Debug|Any CPU
		{C117CDEC-838F-47F7-88AC-9AD7D3E92FB9}.Release|Any CPU.ActiveCfg = Release|Any CPU
		{C117CDEC-838F-47F7-88AC-9AD7D3E92FB9}.Release|Any CPU.Build.0 = Release|Any CPU
		{E9DFA662-16BE-4FC7-BD43-C51D025990AA}.Debug|Any CPU.ActiveCfg = Debug|Any CPU
		{E9DFA662-16BE-4FC7-BD43-C51D025990AA}.Debug|Any CPU.Build.0 = Debug|Any CPU
		{E9DFA662-16BE-4FC7-BD43-C51D025990AA}.Release|Any CPU.ActiveCfg = Release|Any CPU
		{E9DFA662-16BE-4FC7-BD43-C51D025990AA}.Release|Any CPU.Build.0 = Release|Any CPU
		{4303F561-066C-4179-B3FE-984E4F3CFB60}.Debug|Any CPU.ActiveCfg = Debug|Any CPU
		{4303F561-066C-4179-B3FE-984E4F3CFB60}.Debug|Any CPU.Build.0 = Debug|Any CPU
		{4303F561-066C-4179-B3FE-984E4F3CFB60}.Release|Any CPU.ActiveCfg = Release|Any CPU
		{4303F561-066C-4179-B3FE-984E4F3CFB60}.Release|Any CPU.Build.0 = Release|Any CPU
	EndGlobalSection
	GlobalSection(SolutionProperties) = preSolution
		HideSolutionNode = FALSE
	EndGlobalSection
	GlobalSection(NestedProjects) = preSolution
		{919F13E7-FF0A-4358-9C6C-6B89D791855F} = {43C25973-985D-439E-893B-33E62FF64758}
		{4E316D8C-9D3F-4035-BF21-5C37F3B12794} = {43C25973-985D-439E-893B-33E62FF64758}
		{4A1AA97B-92F4-4828-B3BA-C9658542A118} = {22097052-31AA-465B-A54B-6C54DB202458}
		{10B68E74-B1F2-485B-B18C-BFA1176DD13C} = {F5C53F98-A0DE-4B4F-95AB-1B2D1E4DD6F2}
		{13760B35-63E8-4337-B5FA-59B8AB2A77F5} = {F17A5F95-6195-4346-809F-5F40C0499251}
		{C0F13C9A-550A-4603-AEBD-42BDBD206881} = {F17A5F95-6195-4346-809F-5F40C0499251}
		{6E7B5E15-2367-4C68-B51D-233B48B798F2} = {F17A5F95-6195-4346-809F-5F40C0499251}
		{032132ED-B3C1-47AB-840E-2DE46E4994D7} = {F17A5F95-6195-4346-809F-5F40C0499251}
		{365641E8-A4AC-49A6-82A5-5F1D0DD069C6} = {680F0DF1-FD41-440A-BC70-F175F9CAA115}
		{16D5400C-18B4-41A4-B3F4-534A7824932C} = {680F0DF1-FD41-440A-BC70-F175F9CAA115}
		{C117CDEC-838F-47F7-88AC-9AD7D3E92FB9} = {680F0DF1-FD41-440A-BC70-F175F9CAA115}
		{E9DFA662-16BE-4FC7-BD43-C51D025990AA} = {680F0DF1-FD41-440A-BC70-F175F9CAA115}
		{4303F561-066C-4179-B3FE-984E4F3CFB60} = {680F0DF1-FD41-440A-BC70-F175F9CAA115}
	EndGlobalSection
	GlobalSection(ExtensibilityGlobals) = postSolution
		SolutionGuid = {DFB00897-0038-4A91-83AF-00C2DDCC8022}
	EndGlobalSection
EndGlobal
